// !$*UTF8*$!
{
	archiveVersion = 1;
	classes = {
	};
	objectVersion = 56;
	objects = {

/* Begin PBXBuildFile section */
		8ADA9C692C33F0690081ABDE /* main.swift in Sources */ = {isa = PBXBuildFile; fileRef = 8ADA9C682C33F0690081ABDE /* main.swift */; };
		8ADA9C712C33F3B30081ABDE /* SelectionSort.swift in Sources */ = {isa = PBXBuildFile; fileRef = 8ADA9C702C33F3B30081ABDE /* SelectionSort.swift */; };
		8ADA9C802C33F5430081ABDE /* SelectionSortTests.swift in Sources */ = {isa = PBXBuildFile; fileRef = 8ADA9C7F2C33F5430081ABDE /* SelectionSortTests.swift */; };
		8ADA9C822C33F69C0081ABDE /* SelectionSort.swift in Sources */ = {isa = PBXBuildFile; fileRef = 8ADA9C702C33F3B30081ABDE /* SelectionSort.swift */; };
		8ADA9C862C3405620081ABDE /* MergeSort.swift in Sources */ = {isa = PBXBuildFile; fileRef = 8ADA9C852C3405620081ABDE /* MergeSort.swift */; };
		8ADA9C892C3406530081ABDE /* QuickSort.swift in Sources */ = {isa = PBXBuildFile; fileRef = 8ADA9C882C3406530081ABDE /* QuickSort.swift */; };
		8ADA9C8C2C340D9A0081ABDE /* QuickSortTests.swift in Sources */ = {isa = PBXBuildFile; fileRef = 8ADA9C8B2C340D9A0081ABDE /* QuickSortTests.swift */; };
		8ADA9C8D2C340E020081ABDE /* QuickSort.swift in Sources */ = {isa = PBXBuildFile; fileRef = 8ADA9C882C3406530081ABDE /* QuickSort.swift */; };
		8ADA9C8F2C3438760081ABDE /* MergeSortTests.swift in Sources */ = {isa = PBXBuildFile; fileRef = 8ADA9C8E2C3438760081ABDE /* MergeSortTests.swift */; };
		8ADA9C902C3438970081ABDE /* MergeSort.swift in Sources */ = {isa = PBXBuildFile; fileRef = 8ADA9C852C3405620081ABDE /* MergeSort.swift */; };
		8ADA9C932C3443460081ABDE /* Recursion.swift in Sources */ = {isa = PBXBuildFile; fileRef = 8ADA9C922C3443460081ABDE /* Recursion.swift */; };
		8ADA9C962C3443EC0081ABDE /* BinarySearch.swift in Sources */ = {isa = PBXBuildFile; fileRef = 8ADA9C952C3443EC0081ABDE /* BinarySearch.swift */; };
		8ADA9C992C3449BD0081ABDE /* InsertSort.swift in Sources */ = {isa = PBXBuildFile; fileRef = 8ADA9C982C3449BD0081ABDE /* InsertSort.swift */; };
		8ADA9C9A2C34D4960081ABDE /* InsertSort.swift in Sources */ = {isa = PBXBuildFile; fileRef = 8ADA9C982C3449BD0081ABDE /* InsertSort.swift */; };
		8ADA9C9D2C34D4B00081ABDE /* InsertSortTests.swift in Sources */ = {isa = PBXBuildFile; fileRef = 8ADA9C9C2C34D4B00081ABDE /* InsertSortTests.swift */; };
		8ADA9CBB2C37E6780081ABDE /* BreadthFirstSearch.swift in Sources */ = {isa = PBXBuildFile; fileRef = 8ADA9CBA2C37E6780081ABDE /* BreadthFirstSearch.swift */; };
		8ADA9CBE2C37F5C60081ABDE /* BreadthFirstSearchTests.swift in Sources */ = {isa = PBXBuildFile; fileRef = 8ADA9CBD2C37F5C60081ABDE /* BreadthFirstSearchTests.swift */; };
		8ADA9CBF2C37F6E70081ABDE /* BreadthFirstSearch.swift in Sources */ = {isa = PBXBuildFile; fileRef = 8ADA9CBA2C37E6780081ABDE /* BreadthFirstSearch.swift */; };
/* End PBXBuildFile section */

/* Begin PBXCopyFilesBuildPhase section */
		8ADA9C632C33F0690081ABDE /* CopyFiles */ = {
			isa = PBXCopyFilesBuildPhase;
			buildActionMask = 2147483647;
			dstPath = /usr/share/man/man1/;
			dstSubfolderSpec = 0;
			files = (
			);
			runOnlyForDeploymentPostprocessing = 1;
		};
/* End PBXCopyFilesBuildPhase section */

/* Begin PBXFileReference section */
		8ADA9C652C33F0690081ABDE /* SwiftAlgorithms */ = {isa = PBXFileReference; explicitFileType = "compiled.mach-o.executable"; includeInIndex = 0; path = SwiftAlgorithms; sourceTree = BUILT_PRODUCTS_DIR; };
		8ADA9C682C33F0690081ABDE /* main.swift */ = {isa = PBXFileReference; lastKnownFileType = sourcecode.swift; path = main.swift; sourceTree = "<group>"; };
		8ADA9C702C33F3B30081ABDE /* SelectionSort.swift */ = {isa = PBXFileReference; lastKnownFileType = sourcecode.swift; path = SelectionSort.swift; sourceTree = "<group>"; };
		8ADA9C772C33F4C90081ABDE /* SwiftAlgorithmsTests.xctest */ = {isa = PBXFileReference; explicitFileType = wrapper.cfbundle; includeInIndex = 0; path = SwiftAlgorithmsTests.xctest; sourceTree = BUILT_PRODUCTS_DIR; };
		8ADA9C7F2C33F5430081ABDE /* SelectionSortTests.swift */ = {isa = PBXFileReference; lastKnownFileType = sourcecode.swift; path = SelectionSortTests.swift; sourceTree = "<group>"; };
		8ADA9C852C3405620081ABDE /* MergeSort.swift */ = {isa = PBXFileReference; lastKnownFileType = sourcecode.swift; path = MergeSort.swift; sourceTree = "<group>"; };
		8ADA9C882C3406530081ABDE /* QuickSort.swift */ = {isa = PBXFileReference; lastKnownFileType = sourcecode.swift; path = QuickSort.swift; sourceTree = "<group>"; };
		8ADA9C8B2C340D9A0081ABDE /* QuickSortTests.swift */ = {isa = PBXFileReference; lastKnownFileType = sourcecode.swift; path = QuickSortTests.swift; sourceTree = "<group>"; };
		8ADA9C8E2C3438760081ABDE /* MergeSortTests.swift */ = {isa = PBXFileReference; lastKnownFileType = sourcecode.swift; path = MergeSortTests.swift; sourceTree = "<group>"; };
		8ADA9C922C3443460081ABDE /* Recursion.swift */ = {isa = PBXFileReference; lastKnownFileType = sourcecode.swift; path = Recursion.swift; sourceTree = "<group>"; };
		8ADA9C952C3443EC0081ABDE /* BinarySearch.swift */ = {isa = PBXFileReference; lastKnownFileType = sourcecode.swift; path = BinarySearch.swift; sourceTree = "<group>"; };
		8ADA9C982C3449BD0081ABDE /* InsertSort.swift */ = {isa = PBXFileReference; lastKnownFileType = sourcecode.swift; path = InsertSort.swift; sourceTree = "<group>"; };
		8ADA9C9C2C34D4B00081ABDE /* InsertSortTests.swift */ = {isa = PBXFileReference; lastKnownFileType = sourcecode.swift; path = InsertSortTests.swift; sourceTree = "<group>"; };
		8ADA9CBA2C37E6780081ABDE /* BreadthFirstSearch.swift */ = {isa = PBXFileReference; lastKnownFileType = sourcecode.swift; path = BreadthFirstSearch.swift; sourceTree = "<group>"; };
		8ADA9CBD2C37F5C60081ABDE /* BreadthFirstSearchTests.swift */ = {isa = PBXFileReference; lastKnownFileType = sourcecode.swift; path = BreadthFirstSearchTests.swift; sourceTree = "<group>"; };
/* End PBXFileReference section */

/* Begin PBXFrameworksBuildPhase section */
		8ADA9C622C33F0690081ABDE /* Frameworks */ = {
			isa = PBXFrameworksBuildPhase;
			buildActionMask = 2147483647;
			files = (
			);
			runOnlyForDeploymentPostprocessing = 0;
		};
		8ADA9C742C33F4C90081ABDE /* Frameworks */ = {
			isa = PBXFrameworksBuildPhase;
			buildActionMask = 2147483647;
			files = (
			);
			runOnlyForDeploymentPostprocessing = 0;
		};
/* End PBXFrameworksBuildPhase section */

/* Begin PBXGroup section */
		8ADA9C5C2C33F0690081ABDE = {
			isa = PBXGroup;
			children = (
				8ADA9C672C33F0690081ABDE /* SwiftAlgorithms */,
				8ADA9C782C33F4C90081ABDE /* SwiftAlgorithmsTests */,
				8ADA9C662C33F0690081ABDE /* Products */,
			);
			sourceTree = "<group>";
		};
		8ADA9C662C33F0690081ABDE /* Products */ = {
			isa = PBXGroup;
			children = (
				8ADA9C652C33F0690081ABDE /* SwiftAlgorithms */,
				8ADA9C772C33F4C90081ABDE /* SwiftAlgorithmsTests.xctest */,
			);
			name = Products;
			sourceTree = "<group>";
		};
		8ADA9C672C33F0690081ABDE /* SwiftAlgorithms */ = {
			isa = PBXGroup;
			children = (
				8ADA9CB92C37E65A0081ABDE /* BreadthFirstSearch */,
				8ADA9C972C3449A40081ABDE /* InsertSort */,
				8ADA9C942C3443C90081ABDE /* BinarySearch */,
				8ADA9C912C3442B30081ABDE /* Recursion */,
				8ADA9C872C3406410081ABDE /* QuickSort */,
				8ADA9C832C3405460081ABDE /* MergeSort */,
				8ADA9C6F2C33F3750081ABDE /* SelectionSort */,
				8ADA9C682C33F0690081ABDE /* main.swift */,
			);
			path = SwiftAlgorithms;
			sourceTree = "<group>";
		};
		8ADA9C6F2C33F3750081ABDE /* SelectionSort */ = {
			isa = PBXGroup;
			children = (
				8ADA9C702C33F3B30081ABDE /* SelectionSort.swift */,
			);
			path = SelectionSort;
			sourceTree = "<group>";
		};
		8ADA9C782C33F4C90081ABDE /* SwiftAlgorithmsTests */ = {
			isa = PBXGroup;
			children = (
				8ADA9CBC2C37F5AE0081ABDE /* BreadthFirstSearch */,
				8ADA9C9B2C34D49C0081ABDE /* InsertSort */,
				8ADA9C8A2C340D840081ABDE /* QuickSort */,
				8ADA9C842C3405500081ABDE /* MergeSort */,
				8ADA9C7E2C33F4D70081ABDE /* SelectionSort */,
			);
			path = SwiftAlgorithmsTests;
			sourceTree = "<group>";
		};
		8ADA9C7E2C33F4D70081ABDE /* SelectionSort */ = {
			isa = PBXGroup;
			children = (
				8ADA9C7F2C33F5430081ABDE /* SelectionSortTests.swift */,
			);
			path = SelectionSort;
			sourceTree = "<group>";
		};
		8ADA9C832C3405460081ABDE /* MergeSort */ = {
			isa = PBXGroup;
			children = (
				8ADA9C852C3405620081ABDE /* MergeSort.swift */,
			);
			path = MergeSort;
			sourceTree = "<group>";
		};
		8ADA9C842C3405500081ABDE /* MergeSort */ = {
			isa = PBXGroup;
			children = (
				8ADA9C8E2C3438760081ABDE /* MergeSortTests.swift */,
			);
			path = MergeSort;
			sourceTree = "<group>";
		};
		8ADA9C872C3406410081ABDE /* QuickSort */ = {
			isa = PBXGroup;
			children = (
				8ADA9C882C3406530081ABDE /* QuickSort.swift */,
			);
			path = QuickSort;
			sourceTree = "<group>";
		};
		8ADA9C8A2C340D840081ABDE /* QuickSort */ = {
			isa = PBXGroup;
			children = (
				8ADA9C8B2C340D9A0081ABDE /* QuickSortTests.swift */,
			);
			path = QuickSort;
			sourceTree = "<group>";
		};
		8ADA9C912C3442B30081ABDE /* Recursion */ = {
			isa = PBXGroup;
			children = (
				8ADA9C922C3443460081ABDE /* Recursion.swift */,
			);
			path = Recursion;
			sourceTree = "<group>";
		};
		8ADA9C942C3443C90081ABDE /* BinarySearch */ = {
			isa = PBXGroup;
			children = (
				8ADA9C952C3443EC0081ABDE /* BinarySearch.swift */,
			);
			path = BinarySearch;
			sourceTree = "<group>";
		};
		8ADA9C972C3449A40081ABDE /* InsertSort */ = {
			isa = PBXGroup;
			children = (
				8ADA9C982C3449BD0081ABDE /* InsertSort.swift */,
			);
			path = InsertSort;
			sourceTree = "<group>";
		};
		8ADA9C9B2C34D49C0081ABDE /* InsertSort */ = {
			isa = PBXGroup;
			children = (
				8ADA9C9C2C34D4B00081ABDE /* InsertSortTests.swift */,
			);
			path = InsertSort;
			sourceTree = "<group>";
		};
		8ADA9CB92C37E65A0081ABDE /* BreadthFirstSearch */ = {
			isa = PBXGroup;
			children = (
				8ADA9CBA2C37E6780081ABDE /* BreadthFirstSearch.swift */,
			);
			path = BreadthFirstSearch;
			sourceTree = "<group>";
		};
		8ADA9CBC2C37F5AE0081ABDE /* BreadthFirstSearch */ = {
			isa = PBXGroup;
			children = (
				8ADA9CBD2C37F5C60081ABDE /* BreadthFirstSearchTests.swift */,
			);
			path = BreadthFirstSearch;
			sourceTree = "<group>";
		};
/* End PBXGroup section */

/* Begin PBXNativeTarget section */
		8ADA9C642C33F0690081ABDE /* SwiftAlgorithms */ = {
			isa = PBXNativeTarget;
			buildConfigurationList = 8ADA9C6C2C33F0690081ABDE /* Build configuration list for PBXNativeTarget "SwiftAlgorithms" */;
			buildPhases = (
				8ADA9C612C33F0690081ABDE /* Sources */,
				8ADA9C622C33F0690081ABDE /* Frameworks */,
				8ADA9C632C33F0690081ABDE /* CopyFiles */,
			);
			buildRules = (
			);
			dependencies = (
			);
			name = SwiftAlgorithms;
			productName = SwiftAlgorithms;
			productReference = 8ADA9C652C33F0690081ABDE /* SwiftAlgorithms */;
			productType = "com.apple.product-type.tool";
		};
		8ADA9C762C33F4C90081ABDE /* SwiftAlgorithmsTests */ = {
			isa = PBXNativeTarget;
			buildConfigurationList = 8ADA9C7B2C33F4C90081ABDE /* Build configuration list for PBXNativeTarget "SwiftAlgorithmsTests" */;
			buildPhases = (
				8ADA9C732C33F4C90081ABDE /* Sources */,
				8ADA9C742C33F4C90081ABDE /* Frameworks */,
				8ADA9C752C33F4C90081ABDE /* Resources */,
			);
			buildRules = (
			);
			dependencies = (
			);
			name = SwiftAlgorithmsTests;
			productName = SwiftAlgorithmsTests;
			productReference = 8ADA9C772C33F4C90081ABDE /* SwiftAlgorithmsTests.xctest */;
			productType = "com.apple.product-type.bundle.unit-test";
		};
/* End PBXNativeTarget section */

/* Begin PBXProject section */
		8ADA9C5D2C33F0690081ABDE /* Project object */ = {
			isa = PBXProject;
			attributes = {
				BuildIndependentTargetsInParallel = 1;
				KnownAssetTags = (
					New,
				);
				LastSwiftUpdateCheck = 1540;
				LastUpgradeCheck = 1540;
				TargetAttributes = {
					8ADA9C642C33F0690081ABDE = {
						CreatedOnToolsVersion = 15.4;
					};
					8ADA9C762C33F4C90081ABDE = {
						CreatedOnToolsVersion = 15.4;
					};
				};
			};
			buildConfigurationList = 8ADA9C602C33F0690081ABDE /* Build configuration list for PBXProject "SwiftAlgorithms" */;
			compatibilityVersion = "Xcode 14.0";
			developmentRegion = en;
			hasScannedForEncodings = 0;
			knownRegions = (
				en,
				Base,
			);
			mainGroup = 8ADA9C5C2C33F0690081ABDE;
			productRefGroup = 8ADA9C662C33F0690081ABDE /* Products */;
			projectDirPath = "";
			projectRoot = "";
			targets = (
				8ADA9C642C33F0690081ABDE /* SwiftAlgorithms */,
				8ADA9C762C33F4C90081ABDE /* SwiftAlgorithmsTests */,
			);
		};
/* End PBXProject section */

/* Begin PBXResourcesBuildPhase section */
		8ADA9C752C33F4C90081ABDE /* Resources */ = {
			isa = PBXResourcesBuildPhase;
			buildActionMask = 2147483647;
			files = (
			);
			runOnlyForDeploymentPostprocessing = 0;
		};
/* End PBXResourcesBuildPhase section */

/* Begin PBXSourcesBuildPhase section */
		8ADA9C612C33F0690081ABDE /* Sources */ = {
			isa = PBXSourcesBuildPhase;
			buildActionMask = 2147483647;
			files = (
				8ADA9C862C3405620081ABDE /* MergeSort.swift in Sources */,
				8ADA9C932C3443460081ABDE /* Recursion.swift in Sources */,
				8ADA9C992C3449BD0081ABDE /* InsertSort.swift in Sources */,
				8ADA9CBB2C37E6780081ABDE /* BreadthFirstSearch.swift in Sources */,
				8ADA9C962C3443EC0081ABDE /* BinarySearch.swift in Sources */,
				8ADA9C692C33F0690081ABDE /* main.swift in Sources */,
				8ADA9C712C33F3B30081ABDE /* SelectionSort.swift in Sources */,
				8ADA9C892C3406530081ABDE /* QuickSort.swift in Sources */,
			);
			runOnlyForDeploymentPostprocessing = 0;
		};
		8ADA9C732C33F4C90081ABDE /* Sources */ = {
			isa = PBXSourcesBuildPhase;
			buildActionMask = 2147483647;
			files = (
				8ADA9C9D2C34D4B00081ABDE /* InsertSortTests.swift in Sources */,
				8ADA9C902C3438970081ABDE /* MergeSort.swift in Sources */,
				8ADA9C822C33F69C0081ABDE /* SelectionSort.swift in Sources */,
				8ADA9CBE2C37F5C60081ABDE /* BreadthFirstSearchTests.swift in Sources */,
				8ADA9C9A2C34D4960081ABDE /* InsertSort.swift in Sources */,
				8ADA9C8F2C3438760081ABDE /* MergeSortTests.swift in Sources */,
				8ADA9C802C33F5430081ABDE /* SelectionSortTests.swift in Sources */,
				8ADA9CBF2C37F6E70081ABDE /* BreadthFirstSearch.swift in Sources */,
				8ADA9C8C2C340D9A0081ABDE /* QuickSortTests.swift in Sources */,
				8ADA9C8D2C340E020081ABDE /* QuickSort.swift in Sources */,
			);
			runOnlyForDeploymentPostprocessing = 0;
		};
/* End PBXSourcesBuildPhase section */

/* Begin XCBuildConfiguration section */
		8ADA9C6A2C33F0690081ABDE /* Debug */ = {
			isa = XCBuildConfiguration;
			buildSettings = {
				ALWAYS_SEARCH_USER_PATHS = NO;
				ASSETCATALOG_COMPILER_GENERATE_SWIFT_ASSET_SYMBOL_EXTENSIONS = YES;
				CLANG_ANALYZER_NONNULL = YES;
				CLANG_ANALYZER_NUMBER_OBJECT_CONVERSION = YES_AGGRESSIVE;
				CLANG_CXX_LANGUAGE_STANDARD = "gnu++20";
				CLANG_ENABLE_MODULES = YES;
				CLANG_ENABLE_OBJC_ARC = YES;
				CLANG_ENABLE_OBJC_WEAK = YES;
				CLANG_WARN_BLOCK_CAPTURE_AUTORELEASING = YES;
				CLANG_WARN_BOOL_CONVERSION = YES;
				CLANG_WARN_COMMA = YES;
				CLANG_WARN_CONSTANT_CONVERSION = YES;
				CLANG_WARN_DEPRECATED_OBJC_IMPLEMENTATIONS = YES;
				CLANG_WARN_DIRECT_OBJC_ISA_USAGE = YES_ERROR;
				CLANG_WARN_DOCUMENTATION_COMMENTS = YES;
				CLANG_WARN_EMPTY_BODY = YES;
				CLANG_WARN_ENUM_CONVERSION = YES;
				CLANG_WARN_INFINITE_RECURSION = YES;
				CLANG_WARN_INT_CONVERSION = YES;
				CLANG_WARN_NON_LITERAL_NULL_CONVERSION = YES;
				CLANG_WARN_OBJC_IMPLICIT_RETAIN_SELF = YES;
				CLANG_WARN_OBJC_LITERAL_CONVERSION = YES;
				CLANG_WARN_OBJC_ROOT_CLASS = YES_ERROR;
				CLANG_WARN_QUOTED_INCLUDE_IN_FRAMEWORK_HEADER = YES;
				CLANG_WARN_RANGE_LOOP_ANALYSIS = YES;
				CLANG_WARN_STRICT_PROTOTYPES = YES;
				CLANG_WARN_SUSPICIOUS_MOVE = YES;
				CLANG_WARN_UNGUARDED_AVAILABILITY = YES_AGGRESSIVE;
				CLANG_WARN_UNREACHABLE_CODE = YES;
				CLANG_WARN__DUPLICATE_METHOD_MATCH = YES;
				COPY_PHASE_STRIP = NO;
				DEBUG_INFORMATION_FORMAT = dwarf;
				ENABLE_STRICT_OBJC_MSGSEND = YES;
				ENABLE_TESTABILITY = YES;
				ENABLE_USER_SCRIPT_SANDBOXING = YES;
				GCC_C_LANGUAGE_STANDARD = gnu17;
				GCC_DYNAMIC_NO_PIC = NO;
				GCC_NO_COMMON_BLOCKS = YES;
				GCC_OPTIMIZATION_LEVEL = 0;
				GCC_PREPROCESSOR_DEFINITIONS = (
					"DEBUG=1",
					"$(inherited)",
				);
				GCC_WARN_64_TO_32_BIT_CONVERSION = YES;
				GCC_WARN_ABOUT_RETURN_TYPE = YES_ERROR;
				GCC_WARN_UNDECLARED_SELECTOR = YES;
				GCC_WARN_UNINITIALIZED_AUTOS = YES_AGGRESSIVE;
				GCC_WARN_UNUSED_FUNCTION = YES;
				GCC_WARN_UNUSED_VARIABLE = YES;
				LOCALIZATION_PREFERS_STRING_CATALOGS = YES;
				MACOSX_DEPLOYMENT_TARGET = 14.5;
				MTL_ENABLE_DEBUG_INFO = INCLUDE_SOURCE;
				MTL_FAST_MATH = YES;
				ONLY_ACTIVE_ARCH = YES;
				SDKROOT = macosx;
				SWIFT_ACTIVE_COMPILATION_CONDITIONS = "DEBUG $(inherited)";
				SWIFT_OPTIMIZATION_LEVEL = "-Onone";
			};
			name = Debug;
		};
		8ADA9C6B2C33F0690081ABDE /* Release */ = {
			isa = XCBuildConfiguration;
			buildSettings = {
				ALWAYS_SEARCH_USER_PATHS = NO;
				ASSETCATALOG_COMPILER_GENERATE_SWIFT_ASSET_SYMBOL_EXTENSIONS = YES;
				CLANG_ANALYZER_NONNULL = YES;
				CLANG_ANALYZER_NUMBER_OBJECT_CONVERSION = YES_AGGRESSIVE;
				CLANG_CXX_LANGUAGE_STANDARD = "gnu++20";
				CLANG_ENABLE_MODULES = YES;
				CLANG_ENABLE_OBJC_ARC = YES;
				CLANG_ENABLE_OBJC_WEAK = YES;
				CLANG_WARN_BLOCK_CAPTURE_AUTORELEASING = YES;
				CLANG_WARN_BOOL_CONVERSION = YES;
				CLANG_WARN_COMMA = YES;
				CLANG_WARN_CONSTANT_CONVERSION = YES;
				CLANG_WARN_DEPRECATED_OBJC_IMPLEMENTATIONS = YES;
				CLANG_WARN_DIRECT_OBJC_ISA_USAGE = YES_ERROR;
				CLANG_WARN_DOCUMENTATION_COMMENTS = YES;
				CLANG_WARN_EMPTY_BODY = YES;
				CLANG_WARN_ENUM_CONVERSION = YES;
				CLANG_WARN_INFINITE_RECURSION = YES;
				CLANG_WARN_INT_CONVERSION = YES;
				CLANG_WARN_NON_LITERAL_NULL_CONVERSION = YES;
				CLANG_WARN_OBJC_IMPLICIT_RETAIN_SELF = YES;
				CLANG_WARN_OBJC_LITERAL_CONVERSION = YES;
				CLANG_WARN_OBJC_ROOT_CLASS = YES_ERROR;
				CLANG_WARN_QUOTED_INCLUDE_IN_FRAMEWORK_HEADER = YES;
				CLANG_WARN_RANGE_LOOP_ANALYSIS = YES;
				CLANG_WARN_STRICT_PROTOTYPES = YES;
				CLANG_WARN_SUSPICIOUS_MOVE = YES;
				CLANG_WARN_UNGUARDED_AVAILABILITY = YES_AGGRESSIVE;
				CLANG_WARN_UNREACHABLE_CODE = YES;
				CLANG_WARN__DUPLICATE_METHOD_MATCH = YES;
				COPY_PHASE_STRIP = NO;
				DEBUG_INFORMATION_FORMAT = "dwarf-with-dsym";
				ENABLE_NS_ASSERTIONS = NO;
				ENABLE_STRICT_OBJC_MSGSEND = YES;
				ENABLE_USER_SCRIPT_SANDBOXING = YES;
				GCC_C_LANGUAGE_STANDARD = gnu17;
				GCC_NO_COMMON_BLOCKS = YES;
				GCC_WARN_64_TO_32_BIT_CONVERSION = YES;
				GCC_WARN_ABOUT_RETURN_TYPE = YES_ERROR;
				GCC_WARN_UNDECLARED_SELECTOR = YES;
				GCC_WARN_UNINITIALIZED_AUTOS = YES_AGGRESSIVE;
				GCC_WARN_UNUSED_FUNCTION = YES;
				GCC_WARN_UNUSED_VARIABLE = YES;
				LOCALIZATION_PREFERS_STRING_CATALOGS = YES;
				MACOSX_DEPLOYMENT_TARGET = 14.5;
				MTL_ENABLE_DEBUG_INFO = NO;
				MTL_FAST_MATH = YES;
				SDKROOT = macosx;
				SWIFT_COMPILATION_MODE = wholemodule;
			};
			name = Release;
		};
		8ADA9C6D2C33F0690081ABDE /* Debug */ = {
			isa = XCBuildConfiguration;
			buildSettings = {
				CODE_SIGN_STYLE = Automatic;
				DEVELOPMENT_TEAM = 62DH2Z26V5;
				ENABLE_HARDENED_RUNTIME = YES;
				PRODUCT_NAME = "$(TARGET_NAME)";
				SWIFT_VERSION = 5.0;
			};
			name = Debug;
		};
		8ADA9C6E2C33F0690081ABDE /* Release */ = {
			isa = XCBuildConfiguration;
			buildSettings = {
				CODE_SIGN_STYLE = Automatic;
				DEVELOPMENT_TEAM = 62DH2Z26V5;
				ENABLE_HARDENED_RUNTIME = YES;
				PRODUCT_NAME = "$(TARGET_NAME)";
				SWIFT_VERSION = 5.0;
			};
			name = Release;
		};
		8ADA9C7C2C33F4C90081ABDE /* Debug */ = {
			isa = XCBuildConfiguration;
			buildSettings = {
				CODE_SIGN_STYLE = Automatic;
				CURRENT_PROJECT_VERSION = 1;
				DEVELOPMENT_TEAM = 62DH2Z26V5;
				GENERATE_INFOPLIST_FILE = YES;
				MARKETING_VERSION = 1.0;
				PRODUCT_BUNDLE_IDENTIFIER = ke.SwiftAlgorithmsTests;
				PRODUCT_NAME = "$(TARGET_NAME)";
				SWIFT_EMIT_LOC_STRINGS = NO;
				SWIFT_VERSION = 5.0;
			};
			name = Debug;
		};
		8ADA9C7D2C33F4C90081ABDE /* Release */ = {
			isa = XCBuildConfiguration;
			buildSettings = {
				CODE_SIGN_STYLE = Automatic;
				CURRENT_PROJECT_VERSION = 1;
				DEVELOPMENT_TEAM = 62DH2Z26V5;
				GENERATE_INFOPLIST_FILE = YES;
				MARKETING_VERSION = 1.0;
				PRODUCT_BUNDLE_IDENTIFIER = ke.SwiftAlgorithmsTests;
				PRODUCT_NAME = "$(TARGET_NAME)";
				SWIFT_EMIT_LOC_STRINGS = NO;
				SWIFT_VERSION = 5.0;
			};
			name = Release;
		};
/* End XCBuildConfiguration section */

/* Begin XCConfigurationList section */
		8ADA9C602C33F0690081ABDE /* Build configuration list for PBXProject "SwiftAlgorithms" */ = {
			isa = XCConfigurationList;
			buildConfigurations = (
				8ADA9C6A2C33F0690081ABDE /* Debug */,
				8ADA9C6B2C33F0690081ABDE /* Release */,
			);
			defaultConfigurationIsVisible = 0;
			defaultConfigurationName = Release;
		};
		8ADA9C6C2C33F0690081ABDE /* Build configuration list for PBXNativeTarget "SwiftAlgorithms" */ = {
			isa = XCConfigurationList;
			buildConfigurations = (
				8ADA9C6D2C33F0690081ABDE /* Debug */,
				8ADA9C6E2C33F0690081ABDE /* Release */,
			);
			defaultConfigurationIsVisible = 0;
			defaultConfigurationName = Release;
		};
		8ADA9C7B2C33F4C90081ABDE /* Build configuration list for PBXNativeTarget "SwiftAlgorithmsTests" */ = {
			isa = XCConfigurationList;
			buildConfigurations = (
				8ADA9C7C2C33F4C90081ABDE /* Debug */,
				8ADA9C7D2C33F4C90081ABDE /* Release */,
			);
			defaultConfigurationIsVisible = 0;
			defaultConfigurationName = Release;
		};
/* End XCConfigurationList section */
	};
	rootObject = 8ADA9C5D2C33F0690081ABDE /* Project object */;
}
